
Microsoft Visual Studio Solution File, Format Version 12.00
# Visual Studio Version 17
VisualStudioVersion = 17.14.37216.2 d17.14
MinimumVisualStudioVersion = 10.0.40219.1
Project("{FAE04EC0-301F-11D3-BF4B-00C04F79EFBC}") = "InterfacesCSharp", "InterfacesCSharp.csproj", "{FCE8CEFE-18B6-4FCE-82D9-792B7B3C22CA}"
EndProject
Global
	GlobalSection(SolutionConfigurationPlatforms) = preSolution
		Debug|Any CPU = Debug|Any CPU
		Release|Any CPU = Release|Any CPU
	EndGlobalSection
	GlobalSection(ProjectConfigurationPlatforms) = postSolution
		{FCE8CEFE-18B6-4FCE-82D9-792B7B3C22CA}.Debug|Any CPU.ActiveCfg = Debug|Any CPU
		{FCE8CEFE-18B6-4FCE-82D9-792B7B3C22CA}.Debug|Any CPU.Build.0 = Debug|Any CPU
		{FCE8CEFE-18B6-4FCE-82D9-792B7B3C22CA}.Release|Any CPU.ActiveCfg = Release|Any CPU
		{FCE8CEFE-18B6-4FCE-82D9-792B7B3C22CA}.Release|Any CPU.Build.0 = Release|Any CPU
	EndGlobalSection
	GlobalSection(SolutionProperties) = preSolution
		HideSolutionNode = FALSE
	EndGlobalSection
	GlobalSection(ExtensibilityGlobals) = postSolution
		SolutionGuid = {B3BF47E8-B499-4E34-B069-D5F430EDF75F}
	EndGlobalSection
EndGlobal
